<?xml version="1.0" encoding="utf-8"?>
<Project ToolsVersion="4.0" xmlns="http://schemas.microsoft.com/developer/msbuild/2003">
  <ItemGroup>
    <ClCompile Include="..\..\src\board.cpp">
      <Filter>Board</Filter>
    </ClCompile>
    <ClCompile Include="..\..\src\boardstate.cpp">
      <Filter>Board</Filter>
    </ClCompile>
    <ClCompile Include="..\..\src\game.cpp">
      <Filter>Game</Filter>
    </ClCompile>
    <ClCompile Include="..\..\src\gamestate.cpp">
      <Filter>Game</Filter>
    </ClCompile>
    <ClCompile Include="..\..\src\playtimestate.cpp">
      <Filter>Game</Filter>
    </ClCompile>
    <ClCompile Include="..\..\src\boardlogic.cpp">
      <Filter>Logic</Filter>
    </ClCompile>
    <ClCompile Include="..\..\src\moveinfo.cpp">
      <Filter>Logic</Filter>
    </ClCompile>
    <ClCompile Include="..\..\src\gemstate.cpp">
      <Filter>Gem</Filter>
    </ClCompile>
    <ClCompile Include="..\..\src\gemcontroller.cpp">
      <Filter>Gem</Filter>
    </ClCompile>
    <ClCompile Include="..\..\src\object.cpp">
      <Filter>Utils</Filter>
    </ClCompile>
    <ClCompile Include="..\..\src\state.cpp">
      <Filter>Utils</Filter>
    </ClCompile>
    <ClCompile Include="..\..\src\statemachine.cpp">
      <Filter>Utils</Filter>
    </ClCompile>
    <ClCompile Include="..\..\src\texturemanager.cpp">
      <Filter>Utils</Filter>
    </ClCompile>
    <ClCompile Include="..\..\src\utilities.cpp">
      <Filter>Utils</Filter>
    </ClCompile>
    <ClCompile Include="..\..\src\soundmanager.cpp">
      <Filter>Utils</Filter>
    </ClCompile>
    <ClCompile Include="..\..\src\main.cpp" />
    <ClCompile Include="..\..\src\clock.cpp">
      <Filter>Utils</Filter>
    </ClCompile>
    <ClCompile Include="..\..\src\timer.cpp">
      <Filter>Utils</Filter>
    </ClCompile>
    <ClCompile Include="..\..\src\gameoverstate.cpp">
      <Filter>Game</Filter>
    </ClCompile>
  </ItemGroup>
  <ItemGroup>
    <ClInclude Include="..\..\src\board.h">
      <Filter>Board</Filter>
    </ClInclude>
    <ClInclude Include="..\..\src\boardstate.h">
      <Filter>Board</Filter>
    </ClInclude>
    <ClInclude Include="..\..\src\game.h">
      <Filter>Game</Filter>
    </ClInclude>
    <ClInclude Include="..\..\src\gamestate.h">
      <Filter>Game</Filter>
    </ClInclude>
    <ClInclude Include="..\..\src\playtimestate.h">
      <Filter>Game</Filter>
    </ClInclude>
    <ClInclude Include="..\..\src\boardlogic.h">
      <Filter>Logic</Filter>
    </ClInclude>
    <ClInclude Include="..\..\src\moveinfo.h">
      <Filter>Logic</Filter>
    </ClInclude>
    <ClInclude Include="..\..\src\gemcontroller.h">
      <Filter>Gem</Filter>
    </ClInclude>
    <ClInclude Include="..\..\src\gemstate.h">
      <Filter>Gem</Filter>
    </ClInclude>
    <ClInclude Include="..\..\src\multiplatformSDL.h">
      <Filter>Utils</Filter>
    </ClInclude>
    <ClInclude Include="..\..\src\notifier.h">
      <Filter>Utils</Filter>
    </ClInclude>
    <ClInclude Include="..\..\src\object.h">
      <Filter>Utils</Filter>
    </ClInclude>
    <ClInclude Include="..\..\src\soundmanager.h">
      <Filter>Utils</Filter>
    </ClInclude>
    <ClInclude Include="..\..\src\state.h">
      <Filter>Utils</Filter>
    </ClInclude>
    <ClInclude Include="..\..\src\statemachine.h">
      <Filter>Utils</Filter>
    </ClInclude>
    <ClInclude Include="..\..\src\texturemanager.h">
      <Filter>Utils</Filter>
    </ClInclude>
    <ClInclude Include="..\..\src\utilities.h">
      <Filter>Utils</Filter>
    </ClInclude>
    <ClInclude Include="..\..\src\clock.h">
      <Filter>Utils</Filter>
    </ClInclude>
    <ClInclude Include="..\..\src\timer.h">
      <Filter>Utils</Filter>
    </ClInclude>
    <ClInclude Include="..\..\src\gameoverstate.h">
      <Filter>Game</Filter>
    </ClInclude>
  </ItemGroup>
  <ItemGroup>
    <None Include="..\..\src\sdl_app.pro" />
  </ItemGroup>
  <ItemGroup>
    <Filter Include="Board">
      <UniqueIdentifier>{f43a19b5-ed92-48d8-b873-f5e559ddb152}</UniqueIdentifier>
    </Filter>
    <Filter Include="Game">
      <UniqueIdentifier>{3f6fd2f9-1412-4c8c-bcd6-194fdf41e8e6}</UniqueIdentifier>
    </Filter>
    <Filter Include="Logic">
      <UniqueIdentifier>{c0789f25-4380-461b-9f96-fa530f0b5a89}</UniqueIdentifier>
    </Filter>
    <Filter Include="Gem">
      <UniqueIdentifier>{4daf77fc-6c27-4d89-b823-3f36b494b8dd}</UniqueIdentifier>
    </Filter>
    <Filter Include="Utils">
      <UniqueIdentifier>{991485f6-d86a-44ec-83cc-c0ddfb906f49}</UniqueIdentifier>
    </Filter>
  </ItemGroup>
</Project>